
Microsoft Visual Studio Solution File, Format Version 12.00
# Visual Studio Version 16
VisualStudioVersion = 16.0.30621.155
MinimumVisualStudioVersion = 10.0.40219.1
Project("{FAE04EC0-301F-11D3-BF4B-00C04F79EFBC}") = "синглитон", "синглитон\синглитон.csproj", "{17CC42CE-58BC-4A07-B2CF-1BA87C8BDE02}"
EndProject
Global
	GlobalSection(SolutionConfigurationPlatforms) = preSolution
		Debug|Any CPU = Debug|Any CPU
		Release|Any CPU = Release|Any CPU
	EndGlobalSection
	GlobalSection(ProjectConfigurationPlatforms) = postSolution
		{17CC42CE-58BC-4A07-B2CF-1BA87C8BDE02}.Debug|Any CPU.ActiveCfg = Debug|Any CPU
		{17CC42CE-58BC-4A07-B2CF-1BA87C8BDE02}.Debug|Any CPU.Build.0 = Debug|Any CPU
		{17CC42CE-58BC-4A07-B2CF-1BA87C8BDE02}.Release|Any CPU.ActiveCfg = Release|Any CPU
		{17CC42CE-58BC-4A07-B2CF-1BA87C8BDE02}.Release|Any CPU.Build.0 = Release|Any CPU
	EndGlobalSection
	GlobalSection(SolutionProperties) = preSolution
		HideSolutionNode = FALSE
	EndGlobalSection
	GlobalSection(ExtensibilityGlobals) = postSolution
		SolutionGuid = {0B554569-5EF0-4EDC-8726-5E07F4FC7BE8}
	EndGlobalSection
EndGlobal
